
Microsoft Visual Studio Solution File, Format Version 12.00
# Visual Studio Version 16
VisualStudioVersion = 16.0.30717.126
MinimumVisualStudioVersion = 10.0.40219.1
Project("{9A19103F-16F7-4668-BE54-9A1E7A4F7556}") = "LightStreetServer", "LightStreetServer\LightStreetServer.csproj", "{7BBC880F-2455-4BF0-A733-AA5864C52AD8}"
EndProject
Project("{9A19103F-16F7-4668-BE54-9A1E7A4F7556}") = "DAL", "DAL\DAL.csproj", "{2CB02C26-27CB-420E-BDD0-97C2F6D98F30}"
EndProject
Project("{9A19103F-16F7-4668-BE54-9A1E7A4F7556}") = "BLL", "BLL\BLL.csproj", "{06EFC88C-C213-4C19-BADB-819774A34780}"
EndProject
Project("{FAE04EC0-301F-11D3-BF4B-00C04F79EFBC}") = "LightStreetUI", "LightStreetUI\LightStreetUI.csproj", "{2DD234A5-9FBE-4323-A184-45D5FB06FBA9}"
EndProject
Global
	GlobalSection(SolutionConfigurationPlatforms) = preSolution
		Debug|Any CPU = Debug|Any CPU
		Release|Any CPU = Release|Any CPU
	EndGlobalSection
	GlobalSection(ProjectConfigurationPlatforms) = postSolution
		{7BBC880F-2455-4BF0-A733-AA5864C52AD8}.Debug|Any CPU.ActiveCfg = Debug|Any CPU
		{7BBC880F-2455-4BF0-A733-AA5864C52AD8}.Debug|Any CPU.Build.0 = Debug|Any CPU
		{7BBC880F-2455-4BF0-A733-AA5864C52AD8}.Release|Any CPU.ActiveCfg = Release|Any CPU
		{7BBC880F-2455-4BF0-A733-AA5864C52AD8}.Release|Any CPU.Build.0 = Release|Any CPU
		{2CB02C26-27CB-420E-BDD0-97C2F6D98F30}.Debug|Any CPU.ActiveCfg = Debug|Any CPU
		{2CB02C26-27CB-420E-BDD0-97C2F6D98F30}.Debug|Any CPU.Build.0 = Debug|Any CPU
		{2CB02C26-27CB-420E-BDD0-97C2F6D98F30}.Release|Any CPU.ActiveCfg = Release|Any CPU
		{2CB02C26-27CB-420E-BDD0-97C2F6D98F30}.Release|Any CPU.Build.0 = Release|Any CPU
		{06EFC88C-C213-4C19-BADB-819774A34780}.Debug|Any CPU.ActiveCfg = Debug|Any CPU
		{06EFC88C-C213-4C19-BADB-819774A34780}.Debug|Any CPU.Build.0 = Debug|Any CPU
		{06EFC88C-C213-4C19-BADB-819774A34780}.Release|Any CPU.ActiveCfg = Release|Any CPU
		{06EFC88C-C213-4C19-BADB-819774A34780}.Release|Any CPU.Build.0 = Release|Any CPU
		{2DD234A5-9FBE-4323-A184-45D5FB06FBA9}.Debug|Any CPU.ActiveCfg = Debug|Any CPU
		{2DD234A5-9FBE-4323-A184-45D5FB06FBA9}.Debug|Any CPU.Build.0 = Debug|Any CPU
		{2DD234A5-9FBE-4323-A184-45D5FB06FBA9}.Release|Any CPU.ActiveCfg = Release|Any CPU
		{2DD234A5-9FBE-4323-A184-45D5FB06FBA9}.Release|Any CPU.Build.0 = Release|Any CPU
	EndGlobalSection
	GlobalSection(SolutionProperties) = preSolution
		HideSolutionNode = FALSE
	EndGlobalSection
	GlobalSection(ExtensibilityGlobals) = postSolution
		SolutionGuid = {FBEAFE7D-677D-4811-8A75-63A96F776763}
	EndGlobalSection
EndGlobal
